
Microsoft Visual Studio Solution File, Format Version 12.00
# Visual Studio 14
VisualStudioVersion = 14.0.25420.1
MinimumVisualStudioVersion = 10.0.40219.1
Project("{FAE04EC0-301F-11D3-BF4B-00C04F79EFBC}") = "HelloWorld", "HelloWorld\HelloWorld.csproj", "{1458C3B9-FD4E-4D6C-916E-894F71738748}"
EndProject
Project("{FAE04EC0-301F-11D3-BF4B-00C04F79EFBC}") = "HelloWorld.Shared", "HelloWorld.Shared\HelloWorld.Shared.csproj", "{D3BE5488-ACC4-4EAD-ADC0-4EA106D8B1FF}"
EndProject
Project("{FAE04EC0-301F-11D3-BF4B-00C04F79EFBC}") = "HelloWorld.Tests", "HelloWorld.Tests\HelloWorld.Tests.csproj", "{2874CE65-4D74-45A7-BB2A-CFD5B477BD29}"
EndProject
Global
	GlobalSection(SolutionConfigurationPlatforms) = preSolution
		Debug|Any CPU = Debug|Any CPU
		Release|Any CPU = Release|Any CPU
	EndGlobalSection
	GlobalSection(ProjectConfigurationPlatforms) = postSolution
		{1458C3B9-FD4E-4D6C-916E-894F71738748}.Debug|Any CPU.ActiveCfg = Debug|Any CPU
		{1458C3B9-FD4E-4D6C-916E-894F71738748}.Debug|Any CPU.Build.0 = Debug|Any CPU
		{1458C3B9-FD4E-4D6C-916E-894F71738748}.Release|Any CPU.ActiveCfg = Release|Any CPU
		{1458C3B9-FD4E-4D6C-916E-894F71738748}.Release|Any CPU.Build.0 = Release|Any CPU
		{D3BE5488-ACC4-4EAD-ADC0-4EA106D8B1FF}.Debug|Any CPU.ActiveCfg = Debug|Any CPU
		{D3BE5488-ACC4-4EAD-ADC0-4EA106D8B1FF}.Debug|Any CPU.Build.0 = Debug|Any CPU
		{D3BE5488-ACC4-4EAD-ADC0-4EA106D8B1FF}.Release|Any CPU.ActiveCfg = Release|Any CPU
		{D3BE5488-ACC4-4EAD-ADC0-4EA106D8B1FF}.Release|Any CPU.Build.0 = Release|Any CPU
		{2874CE65-4D74-45A7-BB2A-CFD5B477BD29}.Debug|Any CPU.ActiveCfg = Debug|Any CPU
		{2874CE65-4D74-45A7-BB2A-CFD5B477BD29}.Debug|Any CPU.Build.0 = Debug|Any CPU
		{2874CE65-4D74-45A7-BB2A-CFD5B477BD29}.Release|Any CPU.ActiveCfg = Release|Any CPU
		{2874CE65-4D74-45A7-BB2A-CFD5B477BD29}.Release|Any CPU.Build.0 = Release|Any CPU
	EndGlobalSection
	GlobalSection(SolutionProperties) = preSolution
		HideSolutionNode = FALSE
	EndGlobalSection
EndGlobal
